
Microsoft Visual Studio Solution File, Format Version 12.00
# Visual Studio Version 16
VisualStudioVersion = 16.0.32802.440
MinimumVisualStudioVersion = 10.0.40219.1
Project("{FAE04EC0-301F-11D3-BF4B-00C04F79EFBC}") = "221122 MVOP", "221122 MVOP\221122 MVOP.csproj", "{C93760F1-F430-485E-AFC6-56AB7E8AEDFF}"
EndProject
Global
	GlobalSection(SolutionConfigurationPlatforms) = preSolution
		Debug|Any CPU = Debug|Any CPU
		Release|Any CPU = Release|Any CPU
	EndGlobalSection
	GlobalSection(ProjectConfigurationPlatforms) = postSolution
		{C93760F1-F430-485E-AFC6-56AB7E8AEDFF}.Debug|Any CPU.ActiveCfg = Debug|Any CPU
		{C93760F1-F430-485E-AFC6-56AB7E8AEDFF}.Debug|Any CPU.Build.0 = Debug|Any CPU
		{C93760F1-F430-485E-AFC6-56AB7E8AEDFF}.Release|Any CPU.ActiveCfg = Release|Any CPU
		{C93760F1-F430-485E-AFC6-56AB7E8AEDFF}.Release|Any CPU.Build.0 = Release|Any CPU
	EndGlobalSection
	GlobalSection(SolutionProperties) = preSolution
		HideSolutionNode = FALSE
	EndGlobalSection
	GlobalSection(ExtensibilityGlobals) = postSolution
		SolutionGuid = {1711A6FA-0E01-414D-A426-A7004724E7D6}
	EndGlobalSection
EndGlobal
